
Microsoft Visual Studio Solution File, Format Version 12.00
# Visual Studio Version 16
VisualStudioVersion = 16.0.30611.23
MinimumVisualStudioVersion = 10.0.40219.1
Project("{FAE04EC0-301F-11D3-BF4B-00C04F79EFBC}") = "wv2util", "wv2util.csproj", "{3B31D688-B3A2-435A-9D52-4B089821AE6F}"
EndProject
Project("{FAE04EC0-301F-11D3-BF4B-00C04F79EFBC}") = "TestWebView2App", "..\TestWebView2App\TestWebView2App.csproj", "{C476EDFE-6337-4AD3-A6A0-4FABFE515A9F}"
EndProject
Global
	GlobalSection(SolutionConfigurationPlatforms) = preSolution
		Debug|Any CPU = Debug|Any CPU
		Release|Any CPU = Release|Any CPU
	EndGlobalSection
	GlobalSection(ProjectConfigurationPlatforms) = postSolution
		{3B31D688-B3A2-435A-9D52-4B089821AE6F}.Debug|Any CPU.ActiveCfg = Debug|Any CPU
		{3B31D688-B3A2-435A-9D52-4B089821AE6F}.Debug|Any CPU.Build.0 = Debug|Any CPU
		{3B31D688-B3A2-435A-9D52-4B089821AE6F}.Release|Any CPU.ActiveCfg = Release|Any CPU
		{3B31D688-B3A2-435A-9D52-4B089821AE6F}.Release|Any CPU.Build.0 = Release|Any CPU
		{C476EDFE-6337-4AD3-A6A0-4FABFE515A9F}.Debug|Any CPU.ActiveCfg = Debug|Any CPU
		{C476EDFE-6337-4AD3-A6A0-4FABFE515A9F}.Debug|Any CPU.Build.0 = Debug|Any CPU
		{C476EDFE-6337-4AD3-A6A0-4FABFE515A9F}.Release|Any CPU.ActiveCfg = Release|Any CPU
		{C476EDFE-6337-4AD3-A6A0-4FABFE515A9F}.Release|Any CPU.Build.0 = Release|Any CPU
	EndGlobalSection
	GlobalSection(SolutionProperties) = preSolution
		HideSolutionNode = FALSE
	EndGlobalSection
	GlobalSection(ExtensibilityGlobals) = postSolution
		SolutionGuid = {8A7C84F9-E75F-4F00-BA0C-CDB75251BFF8}
	EndGlobalSection
EndGlobal
